// !$*UTF8*$!
{
	archiveVersion = 1;
	classes = {
	};
	objectVersion = 56;
	objects = {

/* Begin PBXBuildFile section */
		62D083D5B4424CDADFB3AB73 /* Pods_MaexpenseTests.framework in Frameworks */ = {isa = PBXBuildFile; fileRef = CE33CF0BC0BDC7827E79ECE1 /* Pods_MaexpenseTests.framework */; };
		65B221A5A250C3B2F971A451 /* Pods_Maexpense.framework in Frameworks */ = {isa = PBXBuildFile; fileRef = 7EE627D3A0355E6A90E77A0A /* Pods_Maexpense.framework */; };
		6D2CB37DA928A0C073887627 /* Pods_Maexpense_MaexpenseUITests.framework in Frameworks */ = {isa = PBXBuildFile; fileRef = 720733AFBD62ADCD0D29CB0B /* Pods_Maexpense_MaexpenseUITests.framework */; };
		E96E10822BA749D1009F670D /* userPortofolio.json in Resources */ = {isa = PBXBuildFile; fileRef = E96E10812BA749D1009F670D /* userPortofolio.json */; };
		E96E10852BA74B27009F670D /* Portofolio.swift in Sources */ = {isa = PBXBuildFile; fileRef = E96E10842BA74B27009F670D /* Portofolio.swift */; };
		E96E108D2BA77F23009F670D /* DetailInterfaces.swift in Sources */ = {isa = PBXBuildFile; fileRef = E96E10872BA77F23009F670D /* DetailInterfaces.swift */; };
		E96E108E2BA77F23009F670D /* DetailPresenter.swift in Sources */ = {isa = PBXBuildFile; fileRef = E96E10882BA77F23009F670D /* DetailPresenter.swift */; };
		E96E108F2BA77F23009F670D /* DetailViewController.swift in Sources */ = {isa = PBXBuildFile; fileRef = E96E10892BA77F23009F670D /* DetailViewController.swift */; };
		E96E10902BA77F23009F670D /* DetailInteractor.swift in Sources */ = {isa = PBXBuildFile; fileRef = E96E108A2BA77F23009F670D /* DetailInteractor.swift */; };
		E96E10912BA77F23009F670D /* DetailViewController.xib in Resources */ = {isa = PBXBuildFile; fileRef = E96E108B2BA77F23009F670D /* DetailViewController.xib */; };
		E96E10922BA77F23009F670D /* DetailWireframe.swift in Sources */ = {isa = PBXBuildFile; fileRef = E96E108C2BA77F23009F670D /* DetailWireframe.swift */; };
		E96E10952BA790CF009F670D /* TransactionCell.swift in Sources */ = {isa = PBXBuildFile; fileRef = E96E10932BA790CF009F670D /* TransactionCell.swift */; };
		E96E10962BA790CF009F670D /* TransactionCell.xib in Resources */ = {isa = PBXBuildFile; fileRef = E96E10942BA790CF009F670D /* TransactionCell.xib */; };
		E96E10992BA79350009F670D /* ExtUIView.swift in Sources */ = {isa = PBXBuildFile; fileRef = E96E10982BA79350009F670D /* ExtUIView.swift */; };
		E96E109C2BA7989C009F670D /* MoneyUtils.swift in Sources */ = {isa = PBXBuildFile; fileRef = E96E109B2BA7989C009F670D /* MoneyUtils.swift */; };
		E96E109E2BA7ECAB009F670D /* MainScreenTests.swift in Sources */ = {isa = PBXBuildFile; fileRef = E96E109D2BA7ECAB009F670D /* MainScreenTests.swift */; };
		E96E10A02BA7F27D009F670D /* DetailScreenTests.swift in Sources */ = {isa = PBXBuildFile; fileRef = E96E109F2BA7F27D009F670D /* DetailScreenTests.swift */; };
		E99E948F2BA7304C0029DF4C /* AppDelegate.swift in Sources */ = {isa = PBXBuildFile; fileRef = E99E948E2BA7304C0029DF4C /* AppDelegate.swift */; };
		E99E94982BA7304C0029DF4C /* Assets.xcassets in Resources */ = {isa = PBXBuildFile; fileRef = E99E94972BA7304C0029DF4C /* Assets.xcassets */; };
		E99E949B2BA7304C0029DF4C /* LaunchScreen.storyboard in Resources */ = {isa = PBXBuildFile; fileRef = E99E94992BA7304C0029DF4C /* LaunchScreen.storyboard */; };
		E99E94B02BA7304D0029DF4C /* MaexpenseUITests.swift in Sources */ = {isa = PBXBuildFile; fileRef = E99E94AF2BA7304D0029DF4C /* MaexpenseUITests.swift */; };
		E99E94B22BA7304D0029DF4C /* MaexpenseUITestsLaunchTests.swift in Sources */ = {isa = PBXBuildFile; fileRef = E99E94B12BA7304D0029DF4C /* MaexpenseUITestsLaunchTests.swift */; };
		E99E94C52BA733690029DF4C /* ExpenseInterfaces.swift in Sources */ = {isa = PBXBuildFile; fileRef = E99E94BF2BA733690029DF4C /* ExpenseInterfaces.swift */; };
		E99E94C62BA733690029DF4C /* ExpensePresenter.swift in Sources */ = {isa = PBXBuildFile; fileRef = E99E94C02BA733690029DF4C /* ExpensePresenter.swift */; };
		E99E94C72BA733690029DF4C /* ExpenseViewController.swift in Sources */ = {isa = PBXBuildFile; fileRef = E99E94C12BA733690029DF4C /* ExpenseViewController.swift */; };
		E99E94C82BA733690029DF4C /* ExpenseInteractor.swift in Sources */ = {isa = PBXBuildFile; fileRef = E99E94C22BA733690029DF4C /* ExpenseInteractor.swift */; };
		E99E94C92BA733690029DF4C /* ExpenseViewController.xib in Resources */ = {isa = PBXBuildFile; fileRef = E99E94C32BA733690029DF4C /* ExpenseViewController.xib */; };
		E99E94CA2BA733690029DF4C /* ExpenseWireframe.swift in Sources */ = {isa = PBXBuildFile; fileRef = E99E94C42BA733690029DF4C /* ExpenseWireframe.swift */; };
		E99E94D22BA733920029DF4C /* BaseWireframe.swift in Sources */ = {isa = PBXBuildFile; fileRef = E99E94CC2BA733920029DF4C /* BaseWireframe.swift */; };
		E99E94D32BA733920029DF4C /* FormatterInterface.swift in Sources */ = {isa = PBXBuildFile; fileRef = E99E94CD2BA733920029DF4C /* FormatterInterface.swift */; };
		E99E94D42BA733920029DF4C /* UIStoryboardExtension.swift in Sources */ = {isa = PBXBuildFile; fileRef = E99E94CE2BA733920029DF4C /* UIStoryboardExtension.swift */; };
		E99E94D52BA733920029DF4C /* PresenterInterface.swift in Sources */ = {isa = PBXBuildFile; fileRef = E99E94CF2BA733920029DF4C /* PresenterInterface.swift */; };
		E99E94D62BA733920029DF4C /* ViewInterface.swift in Sources */ = {isa = PBXBuildFile; fileRef = E99E94D02BA733920029DF4C /* ViewInterface.swift */; };
		E99E94D72BA733920029DF4C /* InteractorInterface.swift in Sources */ = {isa = PBXBuildFile; fileRef = E99E94D12BA733920029DF4C /* InteractorInterface.swift */; };
		E99E94E82BA738EF0029DF4C /* Roboto-Medium.ttf in Resources */ = {isa = PBXBuildFile; fileRef = E99E94DB2BA738EF0029DF4C /* Roboto-Medium.ttf */; };
		E99E94E92BA738EF0029DF4C /* Roboto-Light.ttf in Resources */ = {isa = PBXBuildFile; fileRef = E99E94DC2BA738EF0029DF4C /* Roboto-Light.ttf */; };
		E99E94EA2BA738EF0029DF4C /* Roboto-Regular.ttf in Resources */ = {isa = PBXBuildFile; fileRef = E99E94DD2BA738EF0029DF4C /* Roboto-Regular.ttf */; };
		E99E94EB2BA738EF0029DF4C /* Roboto-MediumItalic.ttf in Resources */ = {isa = PBXBuildFile; fileRef = E99E94DE2BA738EF0029DF4C /* Roboto-MediumItalic.ttf */; };
		E99E94EC2BA738EF0029DF4C /* Roboto-ThinItalic.ttf in Resources */ = {isa = PBXBuildFile; fileRef = E99E94DF2BA738EF0029DF4C /* Roboto-ThinItalic.ttf */; };
		E99E94ED2BA738EF0029DF4C /* Roboto-BoldItalic.ttf in Resources */ = {isa = PBXBuildFile; fileRef = E99E94E02BA738EF0029DF4C /* Roboto-BoldItalic.ttf */; };
		E99E94EE2BA738EF0029DF4C /* Roboto-LightItalic.ttf in Resources */ = {isa = PBXBuildFile; fileRef = E99E94E12BA738EF0029DF4C /* Roboto-LightItalic.ttf */; };
		E99E94EF2BA738EF0029DF4C /* Roboto-Italic.ttf in Resources */ = {isa = PBXBuildFile; fileRef = E99E94E22BA738EF0029DF4C /* Roboto-Italic.ttf */; };
		E99E94F02BA738EF0029DF4C /* LICENSE.txt in Resources */ = {isa = PBXBuildFile; fileRef = E99E94E32BA738EF0029DF4C /* LICENSE.txt */; };
		E99E94F12BA738EF0029DF4C /* Roboto-BlackItalic.ttf in Resources */ = {isa = PBXBuildFile; fileRef = E99E94E42BA738EF0029DF4C /* Roboto-BlackItalic.ttf */; };
		E99E94F22BA738EF0029DF4C /* Roboto-Bold.ttf in Resources */ = {isa = PBXBuildFile; fileRef = E99E94E52BA738EF0029DF4C /* Roboto-Bold.ttf */; };
		E99E94F32BA738EF0029DF4C /* Roboto-Thin.ttf in Resources */ = {isa = PBXBuildFile; fileRef = E99E94E62BA738EF0029DF4C /* Roboto-Thin.ttf */; };
		E99E94F42BA738EF0029DF4C /* Roboto-Black.ttf in Resources */ = {isa = PBXBuildFile; fileRef = E99E94E72BA738EF0029DF4C /* Roboto-Black.ttf */; };
		E99E95092BA739A40029DF4C /* Poppins-ExtraLight.ttf in Resources */ = {isa = PBXBuildFile; fileRef = E99E94F62BA739A40029DF4C /* Poppins-ExtraLight.ttf */; };
		E99E950A2BA739A40029DF4C /* Poppins-ThinItalic.ttf in Resources */ = {isa = PBXBuildFile; fileRef = E99E94F72BA739A40029DF4C /* Poppins-ThinItalic.ttf */; };
		E99E950B2BA739A40029DF4C /* Poppins-ExtraLightItalic.ttf in Resources */ = {isa = PBXBuildFile; fileRef = E99E94F82BA739A40029DF4C /* Poppins-ExtraLightItalic.ttf */; };
		E99E950C2BA739A40029DF4C /* Poppins-BoldItalic.ttf in Resources */ = {isa = PBXBuildFile; fileRef = E99E94F92BA739A40029DF4C /* Poppins-BoldItalic.ttf */; };
		E99E950D2BA739A40029DF4C /* Poppins-Light.ttf in Resources */ = {isa = PBXBuildFile; fileRef = E99E94FA2BA739A40029DF4C /* Poppins-Light.ttf */; };
		E99E950E2BA739A40029DF4C /* Poppins-Medium.ttf in Resources */ = {isa = PBXBuildFile; fileRef = E99E94FB2BA739A40029DF4C /* Poppins-Medium.ttf */; };
		E99E950F2BA739A40029DF4C /* Poppins-SemiBoldItalic.ttf in Resources */ = {isa = PBXBuildFile; fileRef = E99E94FC2BA739A40029DF4C /* Poppins-SemiBoldItalic.ttf */; };
		E99E95102BA739A40029DF4C /* Poppins-ExtraBoldItalic.ttf in Resources */ = {isa = PBXBuildFile; fileRef = E99E94FD2BA739A40029DF4C /* Poppins-ExtraBoldItalic.ttf */; };
		E99E95112BA739A40029DF4C /* Poppins-ExtraBold.ttf in Resources */ = {isa = PBXBuildFile; fileRef = E99E94FE2BA739A40029DF4C /* Poppins-ExtraBold.ttf */; };
		E99E95122BA739A40029DF4C /* Poppins-BlackItalic.ttf in Resources */ = {isa = PBXBuildFile; fileRef = E99E94FF2BA739A40029DF4C /* Poppins-BlackItalic.ttf */; };
		E99E95132BA739A40029DF4C /* OFL.txt in Resources */ = {isa = PBXBuildFile; fileRef = E99E95002BA739A40029DF4C /* OFL.txt */; };
		E99E95142BA739A40029DF4C /* Poppins-Regular.ttf in Resources */ = {isa = PBXBuildFile; fileRef = E99E95012BA739A40029DF4C /* Poppins-Regular.ttf */; };
		E99E95152BA739A40029DF4C /* Poppins-LightItalic.ttf in Resources */ = {isa = PBXBuildFile; fileRef = E99E95022BA739A40029DF4C /* Poppins-LightItalic.ttf */; };
		E99E95162BA739A40029DF4C /* Poppins-Bold.ttf in Resources */ = {isa = PBXBuildFile; fileRef = E99E95032BA739A40029DF4C /* Poppins-Bold.ttf */; };
		E99E95172BA739A40029DF4C /* Poppins-Black.ttf in Resources */ = {isa = PBXBuildFile; fileRef = E99E95042BA739A40029DF4C /* Poppins-Black.ttf */; };
		E99E95182BA739A40029DF4C /* Poppins-Thin.ttf in Resources */ = {isa = PBXBuildFile; fileRef = E99E95052BA739A40029DF4C /* Poppins-Thin.ttf */; };
		E99E95192BA739A40029DF4C /* Poppins-SemiBold.ttf in Resources */ = {isa = PBXBuildFile; fileRef = E99E95062BA739A40029DF4C /* Poppins-SemiBold.ttf */; };
		E99E951A2BA739A40029DF4C /* Poppins-Italic.ttf in Resources */ = {isa = PBXBuildFile; fileRef = E99E95072BA739A40029DF4C /* Poppins-Italic.ttf */; };
		E99E951B2BA739A40029DF4C /* Poppins-MediumItalic.ttf in Resources */ = {isa = PBXBuildFile; fileRef = E99E95082BA739A40029DF4C /* Poppins-MediumItalic.ttf */; };
/* End PBXBuildFile section */

/* Begin PBXContainerItemProxy section */
		E99E94A22BA7304D0029DF4C /* PBXContainerItemProxy */ = {
			isa = PBXContainerItemProxy;
			containerPortal = E99E94832BA7304B0029DF4C /* Project object */;
			proxyType = 1;
			remoteGlobalIDString = E99E948A2BA7304C0029DF4C;
			remoteInfo = Maexpense;
		};
		E99E94AC2BA7304D0029DF4C /* PBXContainerItemProxy */ = {
			isa = PBXContainerItemProxy;
			containerPortal = E99E94832BA7304B0029DF4C /* Project object */;
			proxyType = 1;
			remoteGlobalIDString = E99E948A2BA7304C0029DF4C;
			remoteInfo = Maexpense;
		};
/* End PBXContainerItemProxy section */

/* Begin PBXFileReference section */
		13C7077E75CC8D3142B22899 /* Pods-Maexpense.debug.xcconfig */ = {isa = PBXFileReference; includeInIndex = 1; lastKnownFileType = text.xcconfig; name = "Pods-Maexpense.debug.xcconfig"; path = "Target Support Files/Pods-Maexpense/Pods-Maexpense.debug.xcconfig"; sourceTree = "<group>"; };
		1AC85D1197CED5EB7C10CA47 /* Pods-MaexpenseTests.debug.xcconfig */ = {isa = PBXFileReference; includeInIndex = 1; lastKnownFileType = text.xcconfig; name = "Pods-MaexpenseTests.debug.xcconfig"; path = "Target Support Files/Pods-MaexpenseTests/Pods-MaexpenseTests.debug.xcconfig"; sourceTree = "<group>"; };
		4771E63A2E9C7859E2085394 /* Pods-Maexpense.release.xcconfig */ = {isa = PBXFileReference; includeInIndex = 1; lastKnownFileType = text.xcconfig; name = "Pods-Maexpense.release.xcconfig"; path = "Target Support Files/Pods-Maexpense/Pods-Maexpense.release.xcconfig"; sourceTree = "<group>"; };
		720733AFBD62ADCD0D29CB0B /* Pods_Maexpense_MaexpenseUITests.framework */ = {isa = PBXFileReference; explicitFileType = wrapper.framework; includeInIndex = 0; path = Pods_Maexpense_MaexpenseUITests.framework; sourceTree = BUILT_PRODUCTS_DIR; };
		7EE627D3A0355E6A90E77A0A /* Pods_Maexpense.framework */ = {isa = PBXFileReference; explicitFileType = wrapper.framework; includeInIndex = 0; path = Pods_Maexpense.framework; sourceTree = BUILT_PRODUCTS_DIR; };
		90888D6C30E3CD44417F5D66 /* Pods-MaexpenseTests.release.xcconfig */ = {isa = PBXFileReference; includeInIndex = 1; lastKnownFileType = text.xcconfig; name = "Pods-MaexpenseTests.release.xcconfig"; path = "Target Support Files/Pods-MaexpenseTests/Pods-MaexpenseTests.release.xcconfig"; sourceTree = "<group>"; };
		94DF0C7F032191C9C153F915 /* Pods-Maexpense-MaexpenseUITests.release.xcconfig */ = {isa = PBXFileReference; includeInIndex = 1; lastKnownFileType = text.xcconfig; name = "Pods-Maexpense-MaexpenseUITests.release.xcconfig"; path = "Target Support Files/Pods-Maexpense-MaexpenseUITests/Pods-Maexpense-MaexpenseUITests.release.xcconfig"; sourceTree = "<group>"; };
		CE33CF0BC0BDC7827E79ECE1 /* Pods_MaexpenseTests.framework */ = {isa = PBXFileReference; explicitFileType = wrapper.framework; includeInIndex = 0; path = Pods_MaexpenseTests.framework; sourceTree = BUILT_PRODUCTS_DIR; };
		E94F27114932D64D2D5ED234 /* Pods-Maexpense-MaexpenseUITests.debug.xcconfig */ = {isa = PBXFileReference; includeInIndex = 1; lastKnownFileType = text.xcconfig; name = "Pods-Maexpense-MaexpenseUITests.debug.xcconfig"; path = "Target Support Files/Pods-Maexpense-MaexpenseUITests/Pods-Maexpense-MaexpenseUITests.debug.xcconfig"; sourceTree = "<group>"; };
		E96E10812BA749D1009F670D /* userPortofolio.json */ = {isa = PBXFileReference; fileEncoding = 4; lastKnownFileType = text.json; path = userPortofolio.json; sourceTree = "<group>"; };
		E96E10842BA74B27009F670D /* Portofolio.swift */ = {isa = PBXFileReference; lastKnownFileType = sourcecode.swift; path = Portofolio.swift; sourceTree = "<group>"; };
		E96E10872BA77F23009F670D /* DetailInterfaces.swift */ = {isa = PBXFileReference; lastKnownFileType = sourcecode.swift; path = DetailInterfaces.swift; sourceTree = "<group>"; };
		E96E10882BA77F23009F670D /* DetailPresenter.swift */ = {isa = PBXFileReference; lastKnownFileType = sourcecode.swift; path = DetailPresenter.swift; sourceTree = "<group>"; };
		E96E10892BA77F23009F670D /* DetailViewController.swift */ = {isa = PBXFileReference; lastKnownFileType = sourcecode.swift; path = DetailViewController.swift; sourceTree = "<group>"; };
		E96E108A2BA77F23009F670D /* DetailInteractor.swift */ = {isa = PBXFileReference; lastKnownFileType = sourcecode.swift; path = DetailInteractor.swift; sourceTree = "<group>"; };
		E96E108B2BA77F23009F670D /* DetailViewController.xib */ = {isa = PBXFileReference; lastKnownFileType = file.xib; path = DetailViewController.xib; sourceTree = "<group>"; };
		E96E108C2BA77F23009F670D /* DetailWireframe.swift */ = {isa = PBXFileReference; lastKnownFileType = sourcecode.swift; path = DetailWireframe.swift; sourceTree = "<group>"; };
		E96E10932BA790CF009F670D /* TransactionCell.swift */ = {isa = PBXFileReference; lastKnownFileType = sourcecode.swift; path = TransactionCell.swift; sourceTree = "<group>"; };
		E96E10942BA790CF009F670D /* TransactionCell.xib */ = {isa = PBXFileReference; lastKnownFileType = file.xib; path = TransactionCell.xib; sourceTree = "<group>"; };
		E96E10982BA79350009F670D /* ExtUIView.swift */ = {isa = PBXFileReference; lastKnownFileType = sourcecode.swift; path = ExtUIView.swift; sourceTree = "<group>"; };
		E96E109B2BA7989C009F670D /* MoneyUtils.swift */ = {isa = PBXFileReference; lastKnownFileType = sourcecode.swift; path = MoneyUtils.swift; sourceTree = "<group>"; };
		E96E109D2BA7ECAB009F670D /* MainScreenTests.swift */ = {isa = PBXFileReference; lastKnownFileType = sourcecode.swift; path = MainScreenTests.swift; sourceTree = "<group>"; };
		E96E109F2BA7F27D009F670D /* DetailScreenTests.swift */ = {isa = PBXFileReference; lastKnownFileType = sourcecode.swift; path = DetailScreenTests.swift; sourceTree = "<group>"; };
		E99E948B2BA7304C0029DF4C /* Maexpense.app */ = {isa = PBXFileReference; explicitFileType = wrapper.application; includeInIndex = 0; path = Maexpense.app; sourceTree = BUILT_PRODUCTS_DIR; };
		E99E948E2BA7304C0029DF4C /* AppDelegate.swift */ = {isa = PBXFileReference; lastKnownFileType = sourcecode.swift; path = AppDelegate.swift; sourceTree = "<group>"; };
		E99E94972BA7304C0029DF4C /* Assets.xcassets */ = {isa = PBXFileReference; lastKnownFileType = folder.assetcatalog; path = Assets.xcassets; sourceTree = "<group>"; };
		E99E949A2BA7304C0029DF4C /* Base */ = {isa = PBXFileReference; lastKnownFileType = file.storyboard; name = Base; path = Base.lproj/LaunchScreen.storyboard; sourceTree = "<group>"; };
		E99E949C2BA7304C0029DF4C /* Info.plist */ = {isa = PBXFileReference; lastKnownFileType = text.plist.xml; path = Info.plist; sourceTree = "<group>"; };
		E99E94A12BA7304D0029DF4C /* MaexpenseTests.xctest */ = {isa = PBXFileReference; explicitFileType = wrapper.cfbundle; includeInIndex = 0; path = MaexpenseTests.xctest; sourceTree = BUILT_PRODUCTS_DIR; };
		E99E94AB2BA7304D0029DF4C /* MaexpenseUITests.xctest */ = {isa = PBXFileReference; explicitFileType = wrapper.cfbundle; includeInIndex = 0; path = MaexpenseUITests.xctest; sourceTree = BUILT_PRODUCTS_DIR; };
		E99E94AF2BA7304D0029DF4C /* MaexpenseUITests.swift */ = {isa = PBXFileReference; lastKnownFileType = sourcecode.swift; path = MaexpenseUITests.swift; sourceTree = "<group>"; };
		E99E94B12BA7304D0029DF4C /* MaexpenseUITestsLaunchTests.swift */ = {isa = PBXFileReference; lastKnownFileType = sourcecode.swift; path = MaexpenseUITestsLaunchTests.swift; sourceTree = "<group>"; };
		E99E94BF2BA733690029DF4C /* ExpenseInterfaces.swift */ = {isa = PBXFileReference; lastKnownFileType = sourcecode.swift; path = ExpenseInterfaces.swift; sourceTree = "<group>"; };
		E99E94C02BA733690029DF4C /* ExpensePresenter.swift */ = {isa = PBXFileReference; lastKnownFileType = sourcecode.swift; path = ExpensePresenter.swift; sourceTree = "<group>"; };
		E99E94C12BA733690029DF4C /* ExpenseViewController.swift */ = {isa = PBXFileReference; lastKnownFileType = sourcecode.swift; path = ExpenseViewController.swift; sourceTree = "<group>"; };
		E99E94C22BA733690029DF4C /* ExpenseInteractor.swift */ = {isa = PBXFileReference; lastKnownFileType = sourcecode.swift; path = ExpenseInteractor.swift; sourceTree = "<group>"; };
		E99E94C32BA733690029DF4C /* ExpenseViewController.xib */ = {isa = PBXFileReference; lastKnownFileType = file.xib; path = ExpenseViewController.xib; sourceTree = "<group>"; };
		E99E94C42BA733690029DF4C /* ExpenseWireframe.swift */ = {isa = PBXFileReference; lastKnownFileType = sourcecode.swift; path = ExpenseWireframe.swift; sourceTree = "<group>"; };
		E99E94CC2BA733920029DF4C /* BaseWireframe.swift */ = {isa = PBXFileReference; lastKnownFileType = sourcecode.swift; path = BaseWireframe.swift; sourceTree = "<group>"; };
		E99E94CD2BA733920029DF4C /* FormatterInterface.swift */ = {isa = PBXFileReference; lastKnownFileType = sourcecode.swift; path = FormatterInterface.swift; sourceTree = "<group>"; };
		E99E94CE2BA733920029DF4C /* UIStoryboardExtension.swift */ = {isa = PBXFileReference; lastKnownFileType = sourcecode.swift; path = UIStoryboardExtension.swift; sourceTree = "<group>"; };
		E99E94CF2BA733920029DF4C /* PresenterInterface.swift */ = {isa = PBXFileReference; lastKnownFileType = sourcecode.swift; path = PresenterInterface.swift; sourceTree = "<group>"; };
		E99E94D02BA733920029DF4C /* ViewInterface.swift */ = {isa = PBXFileReference; lastKnownFileType = sourcecode.swift; path = ViewInterface.swift; sourceTree = "<group>"; };
		E99E94D12BA733920029DF4C /* InteractorInterface.swift */ = {isa = PBXFileReference; lastKnownFileType = sourcecode.swift; path = InteractorInterface.swift; sourceTree = "<group>"; };
		E99E94DB2BA738EF0029DF4C /* Roboto-Medium.ttf */ = {isa = PBXFileReference; lastKnownFileType = file; path = "Roboto-Medium.ttf"; sourceTree = "<group>"; };
		E99E94DC2BA738EF0029DF4C /* Roboto-Light.ttf */ = {isa = PBXFileReference; lastKnownFileType = file; path = "Roboto-Light.ttf"; sourceTree = "<group>"; };
		E99E94DD2BA738EF0029DF4C /* Roboto-Regular.ttf */ = {isa = PBXFileReference; lastKnownFileType = file; path = "Roboto-Regular.ttf"; sourceTree = "<group>"; };
		E99E94DE2BA738EF0029DF4C /* Roboto-MediumItalic.ttf */ = {isa = PBXFileReference; lastKnownFileType = file; path = "Roboto-MediumItalic.ttf"; sourceTree = "<group>"; };
		E99E94DF2BA738EF0029DF4C /* Roboto-ThinItalic.ttf */ = {isa = PBXFileReference; lastKnownFileType = file; path = "Roboto-ThinItalic.ttf"; sourceTree = "<group>"; };
		E99E94E02BA738EF0029DF4C /* Roboto-BoldItalic.ttf */ = {isa = PBXFileReference; lastKnownFileType = file; path = "Roboto-BoldItalic.ttf"; sourceTree = "<group>"; };
		E99E94E12BA738EF0029DF4C /* Roboto-LightItalic.ttf */ = {isa = PBXFileReference; lastKnownFileType = file; path = "Roboto-LightItalic.ttf"; sourceTree = "<group>"; };
		E99E94E22BA738EF0029DF4C /* Roboto-Italic.ttf */ = {isa = PBXFileReference; lastKnownFileType = file; path = "Roboto-Italic.ttf"; sourceTree = "<group>"; };
		E99E94E32BA738EF0029DF4C /* LICENSE.txt */ = {isa = PBXFileReference; fileEncoding = 4; lastKnownFileType = text; path = LICENSE.txt; sourceTree = "<group>"; };
		E99E94E42BA738EF0029DF4C /* Roboto-BlackItalic.ttf */ = {isa = PBXFileReference; lastKnownFileType = file; path = "Roboto-BlackItalic.ttf"; sourceTree = "<group>"; };
		E99E94E52BA738EF0029DF4C /* Roboto-Bold.ttf */ = {isa = PBXFileReference; lastKnownFileType = file; path = "Roboto-Bold.ttf"; sourceTree = "<group>"; };
		E99E94E62BA738EF0029DF4C /* Roboto-Thin.ttf */ = {isa = PBXFileReference; lastKnownFileType = file; path = "Roboto-Thin.ttf"; sourceTree = "<group>"; };
		E99E94E72BA738EF0029DF4C /* Roboto-Black.ttf */ = {isa = PBXFileReference; lastKnownFileType = file; path = "Roboto-Black.ttf"; sourceTree = "<group>"; };
		E99E94F62BA739A40029DF4C /* Poppins-ExtraLight.ttf */ = {isa = PBXFileReference; lastKnownFileType = file; path = "Poppins-ExtraLight.ttf"; sourceTree = "<group>"; };
		E99E94F72BA739A40029DF4C /* Poppins-ThinItalic.ttf */ = {isa = PBXFileReference; lastKnownFileType = file; path = "Poppins-ThinItalic.ttf"; sourceTree = "<group>"; };
		E99E94F82BA739A40029DF4C /* Poppins-ExtraLightItalic.ttf */ = {isa = PBXFileReference; lastKnownFileType = file; path = "Poppins-ExtraLightItalic.ttf"; sourceTree = "<group>"; };
		E99E94F92BA739A40029DF4C /* Poppins-BoldItalic.ttf */ = {isa = PBXFileReference; lastKnownFileType = file; path = "Poppins-BoldItalic.ttf"; sourceTree = "<group>"; };
		E99E94FA2BA739A40029DF4C /* Poppins-Light.ttf */ = {isa = PBXFileReference; lastKnownFileType = file; path = "Poppins-Light.ttf"; sourceTree = "<group>"; };
		E99E94FB2BA739A40029DF4C /* Poppins-Medium.ttf */ = {isa = PBXFileReference; lastKnownFileType = file; path = "Poppins-Medium.ttf"; sourceTree = "<group>"; };
		E99E94FC2BA739A40029DF4C /* Poppins-SemiBoldItalic.ttf */ = {isa = PBXFileReference; lastKnownFileType = file; path = "Poppins-SemiBoldItalic.ttf"; sourceTree = "<group>"; };
		E99E94FD2BA739A40029DF4C /* Poppins-ExtraBoldItalic.ttf */ = {isa = PBXFileReference; lastKnownFileType = file; path = "Poppins-ExtraBoldItalic.ttf"; sourceTree = "<group>"; };
		E99E94FE2BA739A40029DF4C /* Poppins-ExtraBold.ttf */ = {isa = PBXFileReference; lastKnownFileType = file; path = "Poppins-ExtraBold.ttf"; sourceTree = "<group>"; };
		E99E94FF2BA739A40029DF4C /* Poppins-BlackItalic.ttf */ = {isa = PBXFileReference; lastKnownFileType = file; path = "Poppins-BlackItalic.ttf"; sourceTree = "<group>"; };
		E99E95002BA739A40029DF4C /* OFL.txt */ = {isa = PBXFileReference; fileEncoding = 4; lastKnownFileType = text; path = OFL.txt; sourceTree = "<group>"; };
		E99E95012BA739A40029DF4C /* Poppins-Regular.ttf */ = {isa = PBXFileReference; lastKnownFileType = file; path = "Poppins-Regular.ttf"; sourceTree = "<group>"; };
		E99E95022BA739A40029DF4C /* Poppins-LightItalic.ttf */ = {isa = PBXFileReference; lastKnownFileType = file; path = "Poppins-LightItalic.ttf"; sourceTree = "<group>"; };
		E99E95032BA739A40029DF4C /* Poppins-Bold.ttf */ = {isa = PBXFileReference; lastKnownFileType = file; path = "Poppins-Bold.ttf"; sourceTree = "<group>"; };
		E99E95042BA739A40029DF4C /* Poppins-Black.ttf */ = {isa = PBXFileReference; lastKnownFileType = file; path = "Poppins-Black.ttf"; sourceTree = "<group>"; };
		E99E95052BA739A40029DF4C /* Poppins-Thin.ttf */ = {isa = PBXFileReference; lastKnownFileType = file; path = "Poppins-Thin.ttf"; sourceTree = "<group>"; };
		E99E95062BA739A40029DF4C /* Poppins-SemiBold.ttf */ = {isa = PBXFileReference; lastKnownFileType = file; path = "Poppins-SemiBold.ttf"; sourceTree = "<group>"; };
		E99E95072BA739A40029DF4C /* Poppins-Italic.ttf */ = {isa = PBXFileReference; lastKnownFileType = file; path = "Poppins-Italic.ttf"; sourceTree = "<group>"; };
		E99E95082BA739A40029DF4C /* Poppins-MediumItalic.ttf */ = {isa = PBXFileReference; lastKnownFileType = file; path = "Poppins-MediumItalic.ttf"; sourceTree = "<group>"; };
/* End PBXFileReference section */

/* Begin PBXFrameworksBuildPhase section */
		E99E94882BA7304C0029DF4C /* Frameworks */ = {
			isa = PBXFrameworksBuildPhase;
			buildActionMask = 2147483647;
			files = (
				65B221A5A250C3B2F971A451 /* Pods_Maexpense.framework in Frameworks */,
			);
			runOnlyForDeploymentPostprocessing = 0;
		};
		E99E949E2BA7304D0029DF4C /* Frameworks */ = {
			isa = PBXFrameworksBuildPhase;
			buildActionMask = 2147483647;
			files = (
				62D083D5B4424CDADFB3AB73 /* Pods_MaexpenseTests.framework in Frameworks */,
			);
			runOnlyForDeploymentPostprocessing = 0;
		};
		E99E94A82BA7304D0029DF4C /* Frameworks */ = {
			isa = PBXFrameworksBuildPhase;
			buildActionMask = 2147483647;
			files = (
				6D2CB37DA928A0C073887627 /* Pods_Maexpense_MaexpenseUITests.framework in Frameworks */,
			);
			runOnlyForDeploymentPostprocessing = 0;
		};
/* End PBXFrameworksBuildPhase section */

/* Begin PBXGroup section */
		5137DCCA3ED31BFA090DB5FC /* Pods */ = {
			isa = PBXGroup;
			children = (
				13C7077E75CC8D3142B22899 /* Pods-Maexpense.debug.xcconfig */,
				4771E63A2E9C7859E2085394 /* Pods-Maexpense.release.xcconfig */,
				E94F27114932D64D2D5ED234 /* Pods-Maexpense-MaexpenseUITests.debug.xcconfig */,
				94DF0C7F032191C9C153F915 /* Pods-Maexpense-MaexpenseUITests.release.xcconfig */,
				1AC85D1197CED5EB7C10CA47 /* Pods-MaexpenseTests.debug.xcconfig */,
				90888D6C30E3CD44417F5D66 /* Pods-MaexpenseTests.release.xcconfig */,
			);
			path = Pods;
			sourceTree = "<group>";
		};
		CA9663E5DFE8611975D32D8B /* Frameworks */ = {
			isa = PBXGroup;
			children = (
				7EE627D3A0355E6A90E77A0A /* Pods_Maexpense.framework */,
				720733AFBD62ADCD0D29CB0B /* Pods_Maexpense_MaexpenseUITests.framework */,
				CE33CF0BC0BDC7827E79ECE1 /* Pods_MaexpenseTests.framework */,
			);
			name = Frameworks;
			sourceTree = "<group>";
		};
		E96E10802BA749C4009F670D /* Data */ = {
			isa = PBXGroup;
			children = (
				E96E10812BA749D1009F670D /* userPortofolio.json */,
			);
			path = Data;
			sourceTree = "<group>";
		};
		E96E10832BA749FA009F670D /* Model */ = {
			isa = PBXGroup;
			children = (
				E96E10842BA74B27009F670D /* Portofolio.swift */,
			);
			path = Model;
			sourceTree = "<group>";
		};
		E96E10862BA77EDF009F670D /* Detail */ = {
			isa = PBXGroup;
			children = (
				E96E108A2BA77F23009F670D /* DetailInteractor.swift */,
				E96E10872BA77F23009F670D /* DetailInterfaces.swift */,
				E96E10882BA77F23009F670D /* DetailPresenter.swift */,
				E96E10892BA77F23009F670D /* DetailViewController.swift */,
				E96E108B2BA77F23009F670D /* DetailViewController.xib */,
				E96E108C2BA77F23009F670D /* DetailWireframe.swift */,
				E96E10932BA790CF009F670D /* TransactionCell.swift */,
				E96E10942BA790CF009F670D /* TransactionCell.xib */,
			);
			path = Detail;
			sourceTree = "<group>";
		};
		E96E10972BA79339009F670D /* Extension */ = {
			isa = PBXGroup;
			children = (
				E96E10982BA79350009F670D /* ExtUIView.swift */,
			);
			path = Extension;
			sourceTree = "<group>";
		};
		E96E109A2BA7987A009F670D /* Utils */ = {
			isa = PBXGroup;
			children = (
				E96E109B2BA7989C009F670D /* MoneyUtils.swift */,
			);
			path = Utils;
			sourceTree = "<group>";
		};
		E99E94822BA7304B0029DF4C = {
			isa = PBXGroup;
			children = (
				E99E948D2BA7304C0029DF4C /* Maexpense */,
				E99E94A42BA7304D0029DF4C /* MaexpenseTests */,
				E99E94AE2BA7304D0029DF4C /* MaexpenseUITests */,
				E99E948C2BA7304C0029DF4C /* Products */,
				5137DCCA3ED31BFA090DB5FC /* Pods */,
				CA9663E5DFE8611975D32D8B /* Frameworks */,
			);
			sourceTree = "<group>";
		};
		E99E948C2BA7304C0029DF4C /* Products */ = {
			isa = PBXGroup;
			children = (
				E99E948B2BA7304C0029DF4C /* Maexpense.app */,
				E99E94A12BA7304D0029DF4C /* MaexpenseTests.xctest */,
				E99E94AB2BA7304D0029DF4C /* MaexpenseUITests.xctest */,
			);
			name = Products;
			sourceTree = "<group>";
		};
		E99E948D2BA7304C0029DF4C /* Maexpense */ = {
			isa = PBXGroup;
			children = (
				E96E109A2BA7987A009F670D /* Utils */,
				E96E10972BA79339009F670D /* Extension */,
				E99E948E2BA7304C0029DF4C /* AppDelegate.swift */,
				E99E94972BA7304C0029DF4C /* Assets.xcassets */,
				E99E949C2BA7304C0029DF4C /* Info.plist */,
				E99E94992BA7304C0029DF4C /* LaunchScreen.storyboard */,
				E96E10802BA749C4009F670D /* Data */,
				E96E10862BA77EDF009F670D /* Detail */,
				E99E94BE2BA7323F0029DF4C /* Expense */,
				E99E94D92BA738DC0029DF4C /* Font */,
				E96E10832BA749FA009F670D /* Model */,
				E99E94CB2BA733830029DF4C /* VIPER */,
			);
			path = Maexpense;
			sourceTree = "<group>";
		};
		E99E94A42BA7304D0029DF4C /* MaexpenseTests */ = {
			isa = PBXGroup;
			children = (
				E96E109D2BA7ECAB009F670D /* MainScreenTests.swift */,
				E96E109F2BA7F27D009F670D /* DetailScreenTests.swift */,
			);
			path = MaexpenseTests;
			sourceTree = "<group>";
		};
		E99E94AE2BA7304D0029DF4C /* MaexpenseUITests */ = {
			isa = PBXGroup;
			children = (
				E99E94AF2BA7304D0029DF4C /* MaexpenseUITests.swift */,
				E99E94B12BA7304D0029DF4C /* MaexpenseUITestsLaunchTests.swift */,
			);
			path = MaexpenseUITests;
			sourceTree = "<group>";
		};
		E99E94BE2BA7323F0029DF4C /* Expense */ = {
			isa = PBXGroup;
			children = (
				E99E94C22BA733690029DF4C /* ExpenseInteractor.swift */,
				E99E94BF2BA733690029DF4C /* ExpenseInterfaces.swift */,
				E99E94C02BA733690029DF4C /* ExpensePresenter.swift */,
				E99E94C12BA733690029DF4C /* ExpenseViewController.swift */,
				E99E94C32BA733690029DF4C /* ExpenseViewController.xib */,
				E99E94C42BA733690029DF4C /* ExpenseWireframe.swift */,
			);
			path = Expense;
			sourceTree = "<group>";
		};
		E99E94CB2BA733830029DF4C /* VIPER */ = {
			isa = PBXGroup;
			children = (
				E99E94CC2BA733920029DF4C /* BaseWireframe.swift */,
				E99E94CD2BA733920029DF4C /* FormatterInterface.swift */,
				E99E94D12BA733920029DF4C /* InteractorInterface.swift */,
				E99E94CF2BA733920029DF4C /* PresenterInterface.swift */,
				E99E94CE2BA733920029DF4C /* UIStoryboardExtension.swift */,
				E99E94D02BA733920029DF4C /* ViewInterface.swift */,
			);
			path = VIPER;
			sourceTree = "<group>";
		};
		E99E94D92BA738DC0029DF4C /* Font */ = {
			isa = PBXGroup;
			children = (
				E99E94F52BA739A40029DF4C /* Poppins */,
				E99E94DA2BA738EF0029DF4C /* Roboto */,
			);
			path = Font;
			sourceTree = "<group>";
		};
		E99E94DA2BA738EF0029DF4C /* Roboto */ = {
			isa = PBXGroup;
			children = (
				E99E94DB2BA738EF0029DF4C /* Roboto-Medium.ttf */,
				E99E94DC2BA738EF0029DF4C /* Roboto-Light.ttf */,
				E99E94DD2BA738EF0029DF4C /* Roboto-Regular.ttf */,
				E99E94DE2BA738EF0029DF4C /* Roboto-MediumItalic.ttf */,
				E99E94DF2BA738EF0029DF4C /* Roboto-ThinItalic.ttf */,
				E99E94E02BA738EF0029DF4C /* Roboto-BoldItalic.ttf */,
				E99E94E12BA738EF0029DF4C /* Roboto-LightItalic.ttf */,
				E99E94E22BA738EF0029DF4C /* Roboto-Italic.ttf */,
				E99E94E32BA738EF0029DF4C /* LICENSE.txt */,
				E99E94E42BA738EF0029DF4C /* Roboto-BlackItalic.ttf */,
				E99E94E52BA738EF0029DF4C /* Roboto-Bold.ttf */,
				E99E94E62BA738EF0029DF4C /* Roboto-Thin.ttf */,
				E99E94E72BA738EF0029DF4C /* Roboto-Black.ttf */,
			);
			path = Roboto;
			sourceTree = "<group>";
		};
		E99E94F52BA739A40029DF4C /* Poppins */ = {
			isa = PBXGroup;
			children = (
				E99E94F62BA739A40029DF4C /* Poppins-ExtraLight.ttf */,
				E99E94F72BA739A40029DF4C /* Poppins-ThinItalic.ttf */,
				E99E94F82BA739A40029DF4C /* Poppins-ExtraLightItalic.ttf */,
				E99E94F92BA739A40029DF4C /* Poppins-BoldItalic.ttf */,
				E99E94FA2BA739A40029DF4C /* Poppins-Light.ttf */,
				E99E94FB2BA739A40029DF4C /* Poppins-Medium.ttf */,
				E99E94FC2BA739A40029DF4C /* Poppins-SemiBoldItalic.ttf */,
				E99E94FD2BA739A40029DF4C /* Poppins-ExtraBoldItalic.ttf */,
				E99E94FE2BA739A40029DF4C /* Poppins-ExtraBold.ttf */,
				E99E94FF2BA739A40029DF4C /* Poppins-BlackItalic.ttf */,
				E99E95002BA739A40029DF4C /* OFL.txt */,
				E99E95012BA739A40029DF4C /* Poppins-Regular.ttf */,
				E99E95022BA739A40029DF4C /* Poppins-LightItalic.ttf */,
				E99E95032BA739A40029DF4C /* Poppins-Bold.ttf */,
				E99E95042BA739A40029DF4C /* Poppins-Black.ttf */,
				E99E95052BA739A40029DF4C /* Poppins-Thin.ttf */,
				E99E95062BA739A40029DF4C /* Poppins-SemiBold.ttf */,
				E99E95072BA739A40029DF4C /* Poppins-Italic.ttf */,
				E99E95082BA739A40029DF4C /* Poppins-MediumItalic.ttf */,
			);
			path = Poppins;
			sourceTree = "<group>";
		};
/* End PBXGroup section */

/* Begin PBXNativeTarget section */
		E99E948A2BA7304C0029DF4C /* Maexpense */ = {
			isa = PBXNativeTarget;
			buildConfigurationList = E99E94B52BA7304D0029DF4C /* Build configuration list for PBXNativeTarget "Maexpense" */;
			buildPhases = (
				66F0AFA6A0282711C9DFA2ED /* [CP] Check Pods Manifest.lock */,
				E99E94872BA7304C0029DF4C /* Sources */,
				E99E94882BA7304C0029DF4C /* Frameworks */,
				E99E94892BA7304C0029DF4C /* Resources */,
				4EEB4664832B54E909B1E79E /* [CP] Embed Pods Frameworks */,
			);
			buildRules = (
			);
			dependencies = (
			);
			name = Maexpense;
			productName = Maexpense;
			productReference = E99E948B2BA7304C0029DF4C /* Maexpense.app */;
			productType = "com.apple.product-type.application";
		};
		E99E94A02BA7304D0029DF4C /* MaexpenseTests */ = {
			isa = PBXNativeTarget;
			buildConfigurationList = E99E94B82BA7304D0029DF4C /* Build configuration list for PBXNativeTarget "MaexpenseTests" */;
			buildPhases = (
				3D8D8458B63D35A0A3B378E2 /* [CP] Check Pods Manifest.lock */,
				E99E949D2BA7304D0029DF4C /* Sources */,
				E99E949E2BA7304D0029DF4C /* Frameworks */,
				E99E949F2BA7304D0029DF4C /* Resources */,
			);
			buildRules = (
			);
			dependencies = (
				E99E94A32BA7304D0029DF4C /* PBXTargetDependency */,
			);
			name = MaexpenseTests;
			productName = MaexpenseTests;
			productReference = E99E94A12BA7304D0029DF4C /* MaexpenseTests.xctest */;
			productType = "com.apple.product-type.bundle.unit-test";
		};
		E99E94AA2BA7304D0029DF4C /* MaexpenseUITests */ = {
			isa = PBXNativeTarget;
			buildConfigurationList = E99E94BB2BA7304D0029DF4C /* Build configuration list for PBXNativeTarget "MaexpenseUITests" */;
			buildPhases = (
				203392405D31DC6FFD1E694F /* [CP] Check Pods Manifest.lock */,
				E99E94A72BA7304D0029DF4C /* Sources */,
				E99E94A82BA7304D0029DF4C /* Frameworks */,
				E99E94A92BA7304D0029DF4C /* Resources */,
				806C854B4513CFD8770764A3 /* [CP] Embed Pods Frameworks */,
			);
			buildRules = (
			);
			dependencies = (
				E99E94AD2BA7304D0029DF4C /* PBXTargetDependency */,
			);
			name = MaexpenseUITests;
			productName = MaexpenseUITests;
			productReference = E99E94AB2BA7304D0029DF4C /* MaexpenseUITests.xctest */;
			productType = "com.apple.product-type.bundle.ui-testing";
		};
/* End PBXNativeTarget section */

/* Begin PBXProject section */
		E99E94832BA7304B0029DF4C /* Project object */ = {
			isa = PBXProject;
			attributes = {
				BuildIndependentTargetsInParallel = 1;
				LastSwiftUpdateCheck = 1520;
				LastUpgradeCheck = 1520;
				TargetAttributes = {
					E99E948A2BA7304C0029DF4C = {
						CreatedOnToolsVersion = 15.2;
					};
					E99E94A02BA7304D0029DF4C = {
						CreatedOnToolsVersion = 15.2;
						TestTargetID = E99E948A2BA7304C0029DF4C;
					};
					E99E94AA2BA7304D0029DF4C = {
						CreatedOnToolsVersion = 15.2;
						TestTargetID = E99E948A2BA7304C0029DF4C;
					};
				};
			};
			buildConfigurationList = E99E94862BA7304B0029DF4C /* Build configuration list for PBXProject "Maexpense" */;
			compatibilityVersion = "Xcode 14.0";
			developmentRegion = en;
			hasScannedForEncodings = 0;
			knownRegions = (
				en,
				Base,
			);
			mainGroup = E99E94822BA7304B0029DF4C;
			productRefGroup = E99E948C2BA7304C0029DF4C /* Products */;
			projectDirPath = "";
			projectRoot = "";
			targets = (
				E99E948A2BA7304C0029DF4C /* Maexpense */,
				E99E94A02BA7304D0029DF4C /* MaexpenseTests */,
				E99E94AA2BA7304D0029DF4C /* MaexpenseUITests */,
			);
		};
/* End PBXProject section */

/* Begin PBXResourcesBuildPhase section */
		E99E94892BA7304C0029DF4C /* Resources */ = {
			isa = PBXResourcesBuildPhase;
			buildActionMask = 2147483647;
			files = (
				E99E95102BA739A40029DF4C /* Poppins-ExtraBoldItalic.ttf in Resources */,
				E99E94F22BA738EF0029DF4C /* Roboto-Bold.ttf in Resources */,
				E99E95092BA739A40029DF4C /* Poppins-ExtraLight.ttf in Resources */,
				E99E950B2BA739A40029DF4C /* Poppins-ExtraLightItalic.ttf in Resources */,
				E99E94F02BA738EF0029DF4C /* LICENSE.txt in Resources */,
				E96E10912BA77F23009F670D /* DetailViewController.xib in Resources */,
				E99E94ED2BA738EF0029DF4C /* Roboto-BoldItalic.ttf in Resources */,
				E99E94EA2BA738EF0029DF4C /* Roboto-Regular.ttf in Resources */,
				E99E95172BA739A40029DF4C /* Poppins-Black.ttf in Resources */,
				E99E95162BA739A40029DF4C /* Poppins-Bold.ttf in Resources */,
				E99E94EE2BA738EF0029DF4C /* Roboto-LightItalic.ttf in Resources */,
				E99E950D2BA739A40029DF4C /* Poppins-Light.ttf in Resources */,
				E99E94E82BA738EF0029DF4C /* Roboto-Medium.ttf in Resources */,
				E99E949B2BA7304C0029DF4C /* LaunchScreen.storyboard in Resources */,
				E99E94F12BA738EF0029DF4C /* Roboto-BlackItalic.ttf in Resources */,
				E99E95132BA739A40029DF4C /* OFL.txt in Resources */,
				E99E94F32BA738EF0029DF4C /* Roboto-Thin.ttf in Resources */,
				E99E94E92BA738EF0029DF4C /* Roboto-Light.ttf in Resources */,
				E99E95122BA739A40029DF4C /* Poppins-BlackItalic.ttf in Resources */,
				E99E951A2BA739A40029DF4C /* Poppins-Italic.ttf in Resources */,
				E99E951B2BA739A40029DF4C /* Poppins-MediumItalic.ttf in Resources */,
				E99E950E2BA739A40029DF4C /* Poppins-Medium.ttf in Resources */,
				E99E94EC2BA738EF0029DF4C /* Roboto-ThinItalic.ttf in Resources */,
				E99E94F42BA738EF0029DF4C /* Roboto-Black.ttf in Resources */,
				E99E95182BA739A40029DF4C /* Poppins-Thin.ttf in Resources */,
				E99E94EB2BA738EF0029DF4C /* Roboto-MediumItalic.ttf in Resources */,
				E99E94982BA7304C0029DF4C /* Assets.xcassets in Resources */,
				E99E95192BA739A40029DF4C /* Poppins-SemiBold.ttf in Resources */,
				E99E950A2BA739A40029DF4C /* Poppins-ThinItalic.ttf in Resources */,
				E99E94EF2BA738EF0029DF4C /* Roboto-Italic.ttf in Resources */,
				E99E95142BA739A40029DF4C /* Poppins-Regular.ttf in Resources */,
				E99E95112BA739A40029DF4C /* Poppins-ExtraBold.ttf in Resources */,
				E99E950F2BA739A40029DF4C /* Poppins-SemiBoldItalic.ttf in Resources */,
				E99E95152BA739A40029DF4C /* Poppins-LightItalic.ttf in Resources */,
				E99E94C92BA733690029DF4C /* ExpenseViewController.xib in Resources */,
				E99E950C2BA739A40029DF4C /* Poppins-BoldItalic.ttf in Resources */,
				E96E10962BA790CF009F670D /* TransactionCell.xib in Resources */,
				E96E10822BA749D1009F670D /* userPortofolio.json in Resources */,
			);
			runOnlyForDeploymentPostprocessing = 0;
		};
		E99E949F2BA7304D0029DF4C /* Resources */ = {
			isa = PBXResourcesBuildPhase;
			buildActionMask = 2147483647;
			files = (
			);
			runOnlyForDeploymentPostprocessing = 0;
		};
		E99E94A92BA7304D0029DF4C /* Resources */ = {
			isa = PBXResourcesBuildPhase;
			buildActionMask = 2147483647;
			files = (
			);
			runOnlyForDeploymentPostprocessing = 0;
		};
/* End PBXResourcesBuildPhase section */

/* Begin PBXShellScriptBuildPhase section */
		203392405D31DC6FFD1E694F /* [CP] Check Pods Manifest.lock */ = {
			isa = PBXShellScriptBuildPhase;
			buildActionMask = 2147483647;
			files = (
			);
			inputFileListPaths = (
			);
			inputPaths = (
				"${PODS_PODFILE_DIR_PATH}/Podfile.lock",
				"${PODS_ROOT}/Manifest.lock",
			);
			name = "[CP] Check Pods Manifest.lock";
			outputFileListPaths = (
			);
			outputPaths = (
				"$(DERIVED_FILE_DIR)/Pods-Maexpense-MaexpenseUITests-checkManifestLockResult.txt",
			);
			runOnlyForDeploymentPostprocessing = 0;
			shellPath = /bin/sh;
			shellScript = "diff \"${PODS_PODFILE_DIR_PATH}/Podfile.lock\" \"${PODS_ROOT}/Manifest.lock\" > /dev/null\nif [ $? != 0 ] ; then\n    # print error to STDERR\n    echo \"error: The sandbox is not in sync with the Podfile.lock. Run 'pod install' or update your CocoaPods installation.\" >&2\n    exit 1\nfi\n# This output is used by Xcode 'outputs' to avoid re-running this script phase.\necho \"SUCCESS\" > \"${SCRIPT_OUTPUT_FILE_0}\"\n";
			showEnvVarsInLog = 0;
		};
		3D8D8458B63D35A0A3B378E2 /* [CP] Check Pods Manifest.lock */ = {
			isa = PBXShellScriptBuildPhase;
			buildActionMask = 2147483647;
			files = (
			);
			inputFileListPaths = (
			);
			inputPaths = (
				"${PODS_PODFILE_DIR_PATH}/Podfile.lock",
				"${PODS_ROOT}/Manifest.lock",
			);
			name = "[CP] Check Pods Manifest.lock";
			outputFileListPaths = (
			);
			outputPaths = (
				"$(DERIVED_FILE_DIR)/Pods-MaexpenseTests-checkManifestLockResult.txt",
			);
			runOnlyForDeploymentPostprocessing = 0;
			shellPath = /bin/sh;
			shellScript = "diff \"${PODS_PODFILE_DIR_PATH}/Podfile.lock\" \"${PODS_ROOT}/Manifest.lock\" > /dev/null\nif [ $? != 0 ] ; then\n    # print error to STDERR\n    echo \"error: The sandbox is not in sync with the Podfile.lock. Run 'pod install' or update your CocoaPods installation.\" >&2\n    exit 1\nfi\n# This output is used by Xcode 'outputs' to avoid re-running this script phase.\necho \"SUCCESS\" > \"${SCRIPT_OUTPUT_FILE_0}\"\n";
			showEnvVarsInLog = 0;
		};
		4EEB4664832B54E909B1E79E /* [CP] Embed Pods Frameworks */ = {
			isa = PBXShellScriptBuildPhase;
			buildActionMask = 2147483647;
			files = (
			);
			inputFileListPaths = (
				"${PODS_ROOT}/Target Support Files/Pods-Maexpense/Pods-Maexpense-frameworks-${CONFIGURATION}-input-files.xcfilelist",
			);
			name = "[CP] Embed Pods Frameworks";
			outputFileListPaths = (
				"${PODS_ROOT}/Target Support Files/Pods-Maexpense/Pods-Maexpense-frameworks-${CONFIGURATION}-output-files.xcfilelist",
			);
			runOnlyForDeploymentPostprocessing = 0;
			shellPath = /bin/sh;
			shellScript = "\"${PODS_ROOT}/Target Support Files/Pods-Maexpense/Pods-Maexpense-frameworks.sh\"\n";
			showEnvVarsInLog = 0;
		};
		66F0AFA6A0282711C9DFA2ED /* [CP] Check Pods Manifest.lock */ = {
			isa = PBXShellScriptBuildPhase;
			buildActionMask = 2147483647;
			files = (
			);
			inputFileListPaths = (
			);
			inputPaths = (
				"${PODS_PODFILE_DIR_PATH}/Podfile.lock",
				"${PODS_ROOT}/Manifest.lock",
			);
			name = "[CP] Check Pods Manifest.lock";
			outputFileListPaths = (
			);
			outputPaths = (
				"$(DERIVED_FILE_DIR)/Pods-Maexpense-checkManifestLockResult.txt",
			);
			runOnlyForDeploymentPostprocessing = 0;
			shellPath = /bin/sh;
			shellScript = "diff \"${PODS_PODFILE_DIR_PATH}/Podfile.lock\" \"${PODS_ROOT}/Manifest.lock\" > /dev/null\nif [ $? != 0 ] ; then\n    # print error to STDERR\n    echo \"error: The sandbox is not in sync with the Podfile.lock. Run 'pod install' or update your CocoaPods installation.\" >&2\n    exit 1\nfi\n# This output is used by Xcode 'outputs' to avoid re-running this script phase.\necho \"SUCCESS\" > \"${SCRIPT_OUTPUT_FILE_0}\"\n";
			showEnvVarsInLog = 0;
		};
		806C854B4513CFD8770764A3 /* [CP] Embed Pods Frameworks */ = {
			isa = PBXShellScriptBuildPhase;
			buildActionMask = 2147483647;
			files = (
			);
			inputFileListPaths = (
				"${PODS_ROOT}/Target Support Files/Pods-Maexpense-MaexpenseUITests/Pods-Maexpense-MaexpenseUITests-frameworks-${CONFIGURATION}-input-files.xcfilelist",
			);
			name = "[CP] Embed Pods Frameworks";
			outputFileListPaths = (
				"${PODS_ROOT}/Target Support Files/Pods-Maexpense-MaexpenseUITests/Pods-Maexpense-MaexpenseUITests-frameworks-${CONFIGURATION}-output-files.xcfilelist",
			);
			runOnlyForDeploymentPostprocessing = 0;
			shellPath = /bin/sh;
			shellScript = "\"${PODS_ROOT}/Target Support Files/Pods-Maexpense-MaexpenseUITests/Pods-Maexpense-MaexpenseUITests-frameworks.sh\"\n";
			showEnvVarsInLog = 0;
		};
/* End PBXShellScriptBuildPhase section */

/* Begin PBXSourcesBuildPhase section */
		E99E94872BA7304C0029DF4C /* Sources */ = {
			isa = PBXSourcesBuildPhase;
			buildActionMask = 2147483647;
			files = (
				E96E109C2BA7989C009F670D /* MoneyUtils.swift in Sources */,
				E96E108D2BA77F23009F670D /* DetailInterfaces.swift in Sources */,
				E99E94D72BA733920029DF4C /* InteractorInterface.swift in Sources */,
				E99E94D32BA733920029DF4C /* FormatterInterface.swift in Sources */,
				E96E10952BA790CF009F670D /* TransactionCell.swift in Sources */,
				E96E10992BA79350009F670D /* ExtUIView.swift in Sources */,
				E99E94C52BA733690029DF4C /* ExpenseInterfaces.swift in Sources */,
				E99E94C72BA733690029DF4C /* ExpenseViewController.swift in Sources */,
				E99E94C62BA733690029DF4C /* ExpensePresenter.swift in Sources */,
				E99E94D52BA733920029DF4C /* PresenterInterface.swift in Sources */,
				E96E108F2BA77F23009F670D /* DetailViewController.swift in Sources */,
				E99E94D42BA733920029DF4C /* UIStoryboardExtension.swift in Sources */,
				E96E108E2BA77F23009F670D /* DetailPresenter.swift in Sources */,
				E99E94C82BA733690029DF4C /* ExpenseInteractor.swift in Sources */,
				E99E94D22BA733920029DF4C /* BaseWireframe.swift in Sources */,
				E99E948F2BA7304C0029DF4C /* AppDelegate.swift in Sources */,
				E96E10902BA77F23009F670D /* DetailInteractor.swift in Sources */,
				E99E94CA2BA733690029DF4C /* ExpenseWireframe.swift in Sources */,
				E96E10922BA77F23009F670D /* DetailWireframe.swift in Sources */,
				E96E10852BA74B27009F670D /* Portofolio.swift in Sources */,
				E99E94D62BA733920029DF4C /* ViewInterface.swift in Sources */,
			);
			runOnlyForDeploymentPostprocessing = 0;
		};
		E99E949D2BA7304D0029DF4C /* Sources */ = {
			isa = PBXSourcesBuildPhase;
			buildActionMask = 2147483647;
			files = (
				E96E10A02BA7F27D009F670D /* DetailScreenTests.swift in Sources */,
				E96E109E2BA7ECAB009F670D /* MainScreenTests.swift in Sources */,
			);
			runOnlyForDeploymentPostprocessing = 0;
		};
		E99E94A72BA7304D0029DF4C /* Sources */ = {
			isa = PBXSourcesBuildPhase;
			buildActionMask = 2147483647;
			files = (
				E99E94B02BA7304D0029DF4C /* MaexpenseUITests.swift in Sources */,
				E99E94B22BA7304D0029DF4C /* MaexpenseUITestsLaunchTests.swift in Sources */,
			);
			runOnlyForDeploymentPostprocessing = 0;
		};
/* End PBXSourcesBuildPhase section */

/* Begin PBXTargetDependency section */
		E99E94A32BA7304D0029DF4C /* PBXTargetDependency */ = {
			isa = PBXTargetDependency;
			target = E99E948A2BA7304C0029DF4C /* Maexpense */;
			targetProxy = E99E94A22BA7304D0029DF4C /* PBXContainerItemProxy */;
		};
		E99E94AD2BA7304D0029DF4C /* PBXTargetDependency */ = {
			isa = PBXTargetDependency;
			target = E99E948A2BA7304C0029DF4C /* Maexpense */;
			targetProxy = E99E94AC2BA7304D0029DF4C /* PBXContainerItemProxy */;
		};
/* End PBXTargetDependency section */

/* Begin PBXVariantGroup section */
		E99E94992BA7304C0029DF4C /* LaunchScreen.storyboard */ = {
			isa = PBXVariantGroup;
			children = (
				E99E949A2BA7304C0029DF4C /* Base */,
			);
			name = LaunchScreen.storyboard;
			sourceTree = "<group>";
		};
/* End PBXVariantGroup section */

/* Begin XCBuildConfiguration section */
		E99E94B32BA7304D0029DF4C /* Debug */ = {
			isa = XCBuildConfiguration;
			buildSettings = {
				ALWAYS_SEARCH_USER_PATHS = NO;
				ASSETCATALOG_COMPILER_GENERATE_SWIFT_ASSET_SYMBOL_EXTENSIONS = YES;
				CLANG_ANALYZER_NONNULL = YES;
				CLANG_ANALYZER_NUMBER_OBJECT_CONVERSION = YES_AGGRESSIVE;
				CLANG_CXX_LANGUAGE_STANDARD = "gnu++20";
				CLANG_ENABLE_MODULES = YES;
				CLANG_ENABLE_OBJC_ARC = YES;
				CLANG_ENABLE_OBJC_WEAK = YES;
				CLANG_WARN_BLOCK_CAPTURE_AUTORELEASING = YES;
				CLANG_WARN_BOOL_CONVERSION = YES;
				CLANG_WARN_COMMA = YES;
				CLANG_WARN_CONSTANT_CONVERSION = YES;
				CLANG_WARN_DEPRECATED_OBJC_IMPLEMENTATIONS = YES;
				CLANG_WARN_DIRECT_OBJC_ISA_USAGE = YES_ERROR;
				CLANG_WARN_DOCUMENTATION_COMMENTS = YES;
				CLANG_WARN_EMPTY_BODY = YES;
				CLANG_WARN_ENUM_CONVERSION = YES;
				CLANG_WARN_INFINITE_RECURSION = YES;
				CLANG_WARN_INT_CONVERSION = YES;
				CLANG_WARN_NON_LITERAL_NULL_CONVERSION = YES;
				CLANG_WARN_OBJC_IMPLICIT_RETAIN_SELF = YES;
				CLANG_WARN_OBJC_LITERAL_CONVERSION = YES;
				CLANG_WARN_OBJC_ROOT_CLASS = YES_ERROR;
				CLANG_WARN_QUOTED_INCLUDE_IN_FRAMEWORK_HEADER = YES;
				CLANG_WARN_RANGE_LOOP_ANALYSIS = YES;
				CLANG_WARN_STRICT_PROTOTYPES = YES;
				CLANG_WARN_SUSPICIOUS_MOVE = YES;
				CLANG_WARN_UNGUARDED_AVAILABILITY = YES_AGGRESSIVE;
				CLANG_WARN_UNREACHABLE_CODE = YES;
				CLANG_WARN__DUPLICATE_METHOD_MATCH = YES;
				COPY_PHASE_STRIP = NO;
				DEBUG_INFORMATION_FORMAT = dwarf;
				ENABLE_STRICT_OBJC_MSGSEND = YES;
				ENABLE_TESTABILITY = YES;
				ENABLE_USER_SCRIPT_SANDBOXING = NO;
				GCC_C_LANGUAGE_STANDARD = gnu17;
				GCC_DYNAMIC_NO_PIC = NO;
				GCC_NO_COMMON_BLOCKS = YES;
				GCC_OPTIMIZATION_LEVEL = 0;
				GCC_PREPROCESSOR_DEFINITIONS = (
					"DEBUG=1",
					"$(inherited)",
				);
				GCC_WARN_64_TO_32_BIT_CONVERSION = YES;
				GCC_WARN_ABOUT_RETURN_TYPE = YES_ERROR;
				GCC_WARN_UNDECLARED_SELECTOR = YES;
				GCC_WARN_UNINITIALIZED_AUTOS = YES_AGGRESSIVE;
				GCC_WARN_UNUSED_FUNCTION = YES;
				GCC_WARN_UNUSED_VARIABLE = YES;
				IPHONEOS_DEPLOYMENT_TARGET = 17.2;
				LOCALIZATION_PREFERS_STRING_CATALOGS = YES;
				MTL_ENABLE_DEBUG_INFO = INCLUDE_SOURCE;
				MTL_FAST_MATH = YES;
				ONLY_ACTIVE_ARCH = YES;
				SDKROOT = iphoneos;
				SWIFT_ACTIVE_COMPILATION_CONDITIONS = "DEBUG $(inherited)";
				SWIFT_OPTIMIZATION_LEVEL = "-Onone";
			};
			name = Debug;
		};
		E99E94B42BA7304D0029DF4C /* Release */ = {
			isa = XCBuildConfiguration;
			buildSettings = {
				ALWAYS_SEARCH_USER_PATHS = NO;
				ASSETCATALOG_COMPILER_GENERATE_SWIFT_ASSET_SYMBOL_EXTENSIONS = YES;
				CLANG_ANALYZER_NONNULL = YES;
				CLANG_ANALYZER_NUMBER_OBJECT_CONVERSION = YES_AGGRESSIVE;
				CLANG_CXX_LANGUAGE_STANDARD = "gnu++20";
				CLANG_ENABLE_MODULES = YES;
				CLANG_ENABLE_OBJC_ARC = YES;
				CLANG_ENABLE_OBJC_WEAK = YES;
				CLANG_WARN_BLOCK_CAPTURE_AUTORELEASING = YES;
				CLANG_WARN_BOOL_CONVERSION = YES;
				CLANG_WARN_COMMA = YES;
				CLANG_WARN_CONSTANT_CONVERSION = YES;
				CLANG_WARN_DEPRECATED_OBJC_IMPLEMENTATIONS = YES;
				CLANG_WARN_DIRECT_OBJC_ISA_USAGE = YES_ERROR;
				CLANG_WARN_DOCUMENTATION_COMMENTS = YES;
				CLANG_WARN_EMPTY_BODY = YES;
				CLANG_WARN_ENUM_CONVERSION = YES;
				CLANG_WARN_INFINITE_RECURSION = YES;
				CLANG_WARN_INT_CONVERSION = YES;
				CLANG_WARN_NON_LITERAL_NULL_CONVERSION = YES;
				CLANG_WARN_OBJC_IMPLICIT_RETAIN_SELF = YES;
				CLANG_WARN_OBJC_LITERAL_CONVERSION = YES;
				CLANG_WARN_OBJC_ROOT_CLASS = YES_ERROR;
				CLANG_WARN_QUOTED_INCLUDE_IN_FRAMEWORK_HEADER = YES;
				CLANG_WARN_RANGE_LOOP_ANALYSIS = YES;
				CLANG_WARN_STRICT_PROTOTYPES = YES;
				CLANG_WARN_SUSPICIOUS_MOVE = YES;
				CLANG_WARN_UNGUARDED_AVAILABILITY = YES_AGGRESSIVE;
				CLANG_WARN_UNREACHABLE_CODE = YES;
				CLANG_WARN__DUPLICATE_METHOD_MATCH = YES;
				COPY_PHASE_STRIP = NO;
				DEBUG_INFORMATION_FORMAT = "dwarf-with-dsym";
				ENABLE_NS_ASSERTIONS = NO;
				ENABLE_STRICT_OBJC_MSGSEND = YES;
				ENABLE_USER_SCRIPT_SANDBOXING = NO;
				GCC_C_LANGUAGE_STANDARD = gnu17;
				GCC_NO_COMMON_BLOCKS = YES;
				GCC_WARN_64_TO_32_BIT_CONVERSION = YES;
				GCC_WARN_ABOUT_RETURN_TYPE = YES_ERROR;
				GCC_WARN_UNDECLARED_SELECTOR = YES;
				GCC_WARN_UNINITIALIZED_AUTOS = YES_AGGRESSIVE;
				GCC_WARN_UNUSED_FUNCTION = YES;
				GCC_WARN_UNUSED_VARIABLE = YES;
				IPHONEOS_DEPLOYMENT_TARGET = 17.2;
				LOCALIZATION_PREFERS_STRING_CATALOGS = YES;
				MTL_ENABLE_DEBUG_INFO = NO;
				MTL_FAST_MATH = YES;
				SDKROOT = iphoneos;
				SWIFT_COMPILATION_MODE = wholemodule;
				VALIDATE_PRODUCT = YES;
			};
			name = Release;
		};
		E99E94B62BA7304D0029DF4C /* Debug */ = {
			isa = XCBuildConfiguration;
			baseConfigurationReference = 13C7077E75CC8D3142B22899 /* Pods-Maexpense.debug.xcconfig */;
			buildSettings = {
				ASSETCATALOG_COMPILER_APPICON_NAME = AppIcon;
				ASSETCATALOG_COMPILER_GLOBAL_ACCENT_COLOR_NAME = AccentColor;
				CODE_SIGN_STYLE = Automatic;
				CURRENT_PROJECT_VERSION = 1;
				GENERATE_INFOPLIST_FILE = YES;
				INFOPLIST_FILE = Maexpense/Info.plist;
				INFOPLIST_KEY_UIApplicationSupportsIndirectInputEvents = YES;
				INFOPLIST_KEY_UILaunchStoryboardName = LaunchScreen;
				INFOPLIST_KEY_UIMainStoryboardFile = "";
				INFOPLIST_KEY_UISupportedInterfaceOrientations_iPad = "UIInterfaceOrientationPortrait UIInterfaceOrientationPortraitUpsideDown UIInterfaceOrientationLandscapeLeft UIInterfaceOrientationLandscapeRight";
				INFOPLIST_KEY_UISupportedInterfaceOrientations_iPhone = "UIInterfaceOrientationPortrait UIInterfaceOrientationLandscapeLeft UIInterfaceOrientationLandscapeRight";
				LD_RUNPATH_SEARCH_PATHS = (
					"$(inherited)",
					"@executable_path/Frameworks",
				);
				MARKETING_VERSION = 1.0;
				PRODUCT_BUNDLE_IDENTIFIER = com.makdempu.Maexpense;
				PRODUCT_NAME = "$(TARGET_NAME)";
				SUPPORTED_PLATFORMS = "iphoneos iphonesimulator";
				SUPPORTS_MACCATALYST = NO;
				SUPPORTS_MAC_DESIGNED_FOR_IPHONE_IPAD = NO;
				SUPPORTS_XR_DESIGNED_FOR_IPHONE_IPAD = NO;
				SWIFT_EMIT_LOC_STRINGS = YES;
				SWIFT_VERSION = 5.0;
				TARGETED_DEVICE_FAMILY = "1,2";
			};
			name = Debug;
		};
		E99E94B72BA7304D0029DF4C /* Release */ = {
			isa = XCBuildConfiguration;
			baseConfigurationReference = 4771E63A2E9C7859E2085394 /* Pods-Maexpense.release.xcconfig */;
			buildSettings = {
				ASSETCATALOG_COMPILER_APPICON_NAME = AppIcon;
				ASSETCATALOG_COMPILER_GLOBAL_ACCENT_COLOR_NAME = AccentColor;
				CODE_SIGN_STYLE = Automatic;
				CURRENT_PROJECT_VERSION = 1;
				GENERATE_INFOPLIST_FILE = YES;
				INFOPLIST_FILE = Maexpense/Info.plist;
				INFOPLIST_KEY_UIApplicationSupportsIndirectInputEvents = YES;
				INFOPLIST_KEY_UILaunchStoryboardName = LaunchScreen;
				INFOPLIST_KEY_UIMainStoryboardFile = "";
				INFOPLIST_KEY_UISupportedInterfaceOrientations_iPad = "UIInterfaceOrientationPortrait UIInterfaceOrientationPortraitUpsideDown UIInterfaceOrientationLandscapeLeft UIInterfaceOrientationLandscapeRight";
				INFOPLIST_KEY_UISupportedInterfaceOrientations_iPhone = "UIInterfaceOrientationPortrait UIInterfaceOrientationLandscapeLeft UIInterfaceOrientationLandscapeRight";
				LD_RUNPATH_SEARCH_PATHS = (
					"$(inherited)",
					"@executable_path/Frameworks",
				);
				MARKETING_VERSION = 1.0;
				PRODUCT_BUNDLE_IDENTIFIER = com.makdempu.Maexpense;
				PRODUCT_NAME = "$(TARGET_NAME)";
				SUPPORTED_PLATFORMS = "iphoneos iphonesimulator";
				SUPPORTS_MACCATALYST = NO;
				SUPPORTS_MAC_DESIGNED_FOR_IPHONE_IPAD = NO;
				SUPPORTS_XR_DESIGNED_FOR_IPHONE_IPAD = NO;
				SWIFT_EMIT_LOC_STRINGS = YES;
				SWIFT_VERSION = 5.0;
				TARGETED_DEVICE_FAMILY = "1,2";
			};
			name = Release;
		};
		E99E94B92BA7304D0029DF4C /* Debug */ = {
			isa = XCBuildConfiguration;
			baseConfigurationReference = 1AC85D1197CED5EB7C10CA47 /* Pods-MaexpenseTests.debug.xcconfig */;
			buildSettings = {
				ALWAYS_EMBED_SWIFT_STANDARD_LIBRARIES = YES;
				BUNDLE_LOADER = "$(TEST_HOST)";
				CODE_SIGN_STYLE = Automatic;
				CURRENT_PROJECT_VERSION = 1;
				GENERATE_INFOPLIST_FILE = YES;
				IPHONEOS_DEPLOYMENT_TARGET = 17.2;
				MARKETING_VERSION = 1.0;
				PRODUCT_BUNDLE_IDENTIFIER = com.makdempu.MaexpenseTests;
				PRODUCT_NAME = "$(TARGET_NAME)";
				SWIFT_EMIT_LOC_STRINGS = NO;
				SWIFT_VERSION = 5.0;
				TARGETED_DEVICE_FAMILY = "1,2";
				TEST_HOST = "$(BUILT_PRODUCTS_DIR)/Maexpense.app/$(BUNDLE_EXECUTABLE_FOLDER_PATH)/Maexpense";
			};
			name = Debug;
		};
		E99E94BA2BA7304D0029DF4C /* Release */ = {
			isa = XCBuildConfiguration;
			baseConfigurationReference = 90888D6C30E3CD44417F5D66 /* Pods-MaexpenseTests.release.xcconfig */;
			buildSettings = {
				ALWAYS_EMBED_SWIFT_STANDARD_LIBRARIES = YES;
				BUNDLE_LOADER = "$(TEST_HOST)";
				CODE_SIGN_STYLE = Automatic;
				CURRENT_PROJECT_VERSION = 1;
				GENERATE_INFOPLIST_FILE = YES;
				IPHONEOS_DEPLOYMENT_TARGET = 17.2;
				MARKETING_VERSION = 1.0;
				PRODUCT_BUNDLE_IDENTIFIER = com.makdempu.MaexpenseTests;
				PRODUCT_NAME = "$(TARGET_NAME)";
				SWIFT_EMIT_LOC_STRINGS = NO;
				SWIFT_VERSION = 5.0;
				TARGETED_DEVICE_FAMILY = "1,2";
				TEST_HOST = "$(BUILT_PRODUCTS_DIR)/Maexpense.app/$(BUNDLE_EXECUTABLE_FOLDER_PATH)/Maexpense";
			};
			name = Release;
		};
		E99E94BC2BA7304D0029DF4C /* Debug */ = {
			isa = XCBuildConfiguration;
			baseConfigurationReference = E94F27114932D64D2D5ED234 /* Pods-Maexpense-MaexpenseUITests.debug.xcconfig */;
			buildSettings = {
				ALWAYS_EMBED_SWIFT_STANDARD_LIBRARIES = YES;
				CODE_SIGN_STYLE = Automatic;
				CURRENT_PROJECT_VERSION = 1;
				GENERATE_INFOPLIST_FILE = YES;
				MARKETING_VERSION = 1.0;
				PRODUCT_BUNDLE_IDENTIFIER = com.makdempu.MaexpenseUITests;
				PRODUCT_NAME = "$(TARGET_NAME)";
				SWIFT_EMIT_LOC_STRINGS = NO;
				SWIFT_VERSION = 5.0;
				TARGETED_DEVICE_FAMILY = "1,2";
				TEST_TARGET_NAME = Maexpense;
			};
			name = Debug;
		};
		E99E94BD2BA7304D0029DF4C /* Release */ = {
			isa = XCBuildConfiguration;
			baseConfigurationReference = 94DF0C7F032191C9C153F915 /* Pods-Maexpense-MaexpenseUITests.release.xcconfig */;
			buildSettings = {
				ALWAYS_EMBED_SWIFT_STANDARD_LIBRARIES = YES;
				CODE_SIGN_STYLE = Automatic;
				CURRENT_PROJECT_VERSION = 1;
				GENERATE_INFOPLIST_FILE = YES;
				MARKETING_VERSION = 1.0;
				PRODUCT_BUNDLE_IDENTIFIER = com.makdempu.MaexpenseUITests;
				PRODUCT_NAME = "$(TARGET_NAME)";
				SWIFT_EMIT_LOC_STRINGS = NO;
				SWIFT_VERSION = 5.0;
				TARGETED_DEVICE_FAMILY = "1,2";
				TEST_TARGET_NAME = Maexpense;
			};
			name = Release;
		};
/* End XCBuildConfiguration section */

/* Begin XCConfigurationList section */
		E99E94862BA7304B0029DF4C /* Build configuration list for PBXProject "Maexpense" */ = {
			isa = XCConfigurationList;
			buildConfigurations = (
				E99E94B32BA7304D0029DF4C /* Debug */,
				E99E94B42BA7304D0029DF4C /* Release */,
			);
			defaultConfigurationIsVisible = 0;
			defaultConfigurationName = Release;
		};
		E99E94B52BA7304D0029DF4C /* Build configuration list for PBXNativeTarget "Maexpense" */ = {
			isa = XCConfigurationList;
			buildConfigurations = (
				E99E94B62BA7304D0029DF4C /* Debug */,
				E99E94B72BA7304D0029DF4C /* Release */,
			);
			defaultConfigurationIsVisible = 0;
			defaultConfigurationName = Release;
		};
		E99E94B82BA7304D0029DF4C /* Build configuration list for PBXNativeTarget "MaexpenseTests" */ = {
			isa = XCConfigurationList;
			buildConfigurations = (
				E99E94B92BA7304D0029DF4C /* Debug */,
				E99E94BA2BA7304D0029DF4C /* Release */,
			);
			defaultConfigurationIsVisible = 0;
			defaultConfigurationName = Release;
		};
		E99E94BB2BA7304D0029DF4C /* Build configuration list for PBXNativeTarget "MaexpenseUITests" */ = {
			isa = XCConfigurationList;
			buildConfigurations = (
				E99E94BC2BA7304D0029DF4C /* Debug */,
				E99E94BD2BA7304D0029DF4C /* Release */,
			);
			defaultConfigurationIsVisible = 0;
			defaultConfigurationName = Release;
		};
/* End XCConfigurationList section */
	};
	rootObject = E99E94832BA7304B0029DF4C /* Project object */;
}
