PODS:
  - Alamofire (5.9.0)
  - DGCharts (5.1.0):
    - DGCharts/Core (= 5.1.0)
  - DGCharts/Core (5.1.0)
  - Toast-Swift (5.1.0)

DEPENDENCIES:
  - Alamofire (~> 5.2)
  - DGCharts
  - Toast-Swift

SPEC REPOS:
  trunk:
    - Alamofire
    - DGCharts
    - Toast-Swift

SPEC CHECKSUMS:
  Alamofire: 02b772c9910e8eba1a079227c32fbd9e46c90a24
  DGCharts: 1c6daf585b6cfc78807af44ea690d357c410627f
  Toast-Swift: dd369e68ee529f542c65bd0d0c6c50cd743cf6f2

PODFILE CHECKSUM: 4974cca43d6a9fafeb0ce9fc16abcd8e91d92b5c

COCOAPODS: 1.15.2
